
Microsoft Visual Studio Solution File, Format Version 12.00
# Visual Studio Version 17
VisualStudioVersion = 17.5.33627.172
MinimumVisualStudioVersion = 10.0.40219.1
Project("{9A19103F-16F7-4668-BE54-9A1E7A4F7556}") = "Abio.WS", "Abio.WS\Abio.WS.csproj", "{53519619-1A76-4533-A55A-65EDF8F05D54}"
EndProject
Project("{2150E333-8FDC-42A3-9474-1A3956D46DE8}") = "src", "src", "{8F14D767-4A3B-41B6-BD7B-1FA1DA7A74B6}"
EndProject
Project("{2150E333-8FDC-42A3-9474-1A3956D46DE8}") = "tests", "tests", "{29E15A38-6B25-456E-9989-7E73178FD0D1}"
EndProject
Project("{00D1A9C2-B5F0-4AF3-8072-F6C62B433612}") = "Abio.SQL", "Abio.SQL\Abio.SQL.sqlproj", "{D2A7E38E-0DE4-40B5-93F5-6D1D666B28FE}"
EndProject
Project("{9A19103F-16F7-4668-BE54-9A1E7A4F7556}") = "Abio.Console.Application", "Abio.Console.Application\Abio.Console.Application.csproj", "{7CBE8190-517A-4045-B3BE-ADFB4E091950}"
EndProject
Project("{9A19103F-16F7-4668-BE54-9A1E7A4F7556}") = "Abio.Library", "Abio.Library\Abio.Library.csproj", "{55131BDB-5319-4B82-A73B-92F53AC82FCB}"
EndProject
Project("{9A19103F-16F7-4668-BE54-9A1E7A4F7556}") = "GenerateRestAPIClientServices", "GenerateRestAPIClientServices\GenerateRestAPIClientServices.csproj", "{BC60302E-3709-4B13-8C10-2E1FAB7AF5E9}"
EndProject
Project("{2150E333-8FDC-42A3-9474-1A3956D46DE8}") = "Tools", "Tools", "{27991E41-E818-4233-80FB-17F006959D56}"
EndProject
Project("{9A19103F-16F7-4668-BE54-9A1E7A4F7556}") = "Abio.Test.Client", "Abio.Test.Client\Abio.Test.Client.csproj", "{DE17634C-7BFA-42DB-AC8A-0BC34E79F04E}"
EndProject
Global
	GlobalSection(SolutionConfigurationPlatforms) = preSolution
		Debug|Any CPU = Debug|Any CPU
		Release|Any CPU = Release|Any CPU
	EndGlobalSection
	GlobalSection(ProjectConfigurationPlatforms) = postSolution
		{53519619-1A76-4533-A55A-65EDF8F05D54}.Debug|Any CPU.ActiveCfg = Debug|Any CPU
		{53519619-1A76-4533-A55A-65EDF8F05D54}.Debug|Any CPU.Build.0 = Debug|Any CPU
		{53519619-1A76-4533-A55A-65EDF8F05D54}.Release|Any CPU.ActiveCfg = Release|Any CPU
		{53519619-1A76-4533-A55A-65EDF8F05D54}.Release|Any CPU.Build.0 = Release|Any CPU
		{D2A7E38E-0DE4-40B5-93F5-6D1D666B28FE}.Debug|Any CPU.ActiveCfg = Debug|Any CPU
		{D2A7E38E-0DE4-40B5-93F5-6D1D666B28FE}.Debug|Any CPU.Build.0 = Debug|Any CPU
		{D2A7E38E-0DE4-40B5-93F5-6D1D666B28FE}.Debug|Any CPU.Deploy.0 = Debug|Any CPU
		{D2A7E38E-0DE4-40B5-93F5-6D1D666B28FE}.Release|Any CPU.ActiveCfg = Release|Any CPU
		{D2A7E38E-0DE4-40B5-93F5-6D1D666B28FE}.Release|Any CPU.Build.0 = Release|Any CPU
		{D2A7E38E-0DE4-40B5-93F5-6D1D666B28FE}.Release|Any CPU.Deploy.0 = Release|Any CPU
		{7CBE8190-517A-4045-B3BE-ADFB4E091950}.Debug|Any CPU.ActiveCfg = Debug|Any CPU
		{7CBE8190-517A-4045-B3BE-ADFB4E091950}.Debug|Any CPU.Build.0 = Debug|Any CPU
		{7CBE8190-517A-4045-B3BE-ADFB4E091950}.Release|Any CPU.ActiveCfg = Release|Any CPU
		{7CBE8190-517A-4045-B3BE-ADFB4E091950}.Release|Any CPU.Build.0 = Release|Any CPU
		{55131BDB-5319-4B82-A73B-92F53AC82FCB}.Debug|Any CPU.ActiveCfg = Debug|Any CPU
		{55131BDB-5319-4B82-A73B-92F53AC82FCB}.Debug|Any CPU.Build.0 = Debug|Any CPU
		{55131BDB-5319-4B82-A73B-92F53AC82FCB}.Release|Any CPU.ActiveCfg = Release|Any CPU
		{55131BDB-5319-4B82-A73B-92F53AC82FCB}.Release|Any CPU.Build.0 = Release|Any CPU
		{BC60302E-3709-4B13-8C10-2E1FAB7AF5E9}.Debug|Any CPU.ActiveCfg = Debug|Any CPU
		{BC60302E-3709-4B13-8C10-2E1FAB7AF5E9}.Debug|Any CPU.Build.0 = Debug|Any CPU
		{BC60302E-3709-4B13-8C10-2E1FAB7AF5E9}.Release|Any CPU.ActiveCfg = Release|Any CPU
		{BC60302E-3709-4B13-8C10-2E1FAB7AF5E9}.Release|Any CPU.Build.0 = Release|Any CPU
		{DE17634C-7BFA-42DB-AC8A-0BC34E79F04E}.Debug|Any CPU.ActiveCfg = Debug|Any CPU
		{DE17634C-7BFA-42DB-AC8A-0BC34E79F04E}.Debug|Any CPU.Build.0 = Debug|Any CPU
		{DE17634C-7BFA-42DB-AC8A-0BC34E79F04E}.Debug|Any CPU.Deploy.0 = Debug|Any CPU
		{DE17634C-7BFA-42DB-AC8A-0BC34E79F04E}.Release|Any CPU.ActiveCfg = Release|Any CPU
		{DE17634C-7BFA-42DB-AC8A-0BC34E79F04E}.Release|Any CPU.Build.0 = Release|Any CPU
		{DE17634C-7BFA-42DB-AC8A-0BC34E79F04E}.Release|Any CPU.Deploy.0 = Release|Any CPU
	EndGlobalSection
	GlobalSection(SolutionProperties) = preSolution
		HideSolutionNode = FALSE
	EndGlobalSection
	GlobalSection(NestedProjects) = preSolution
		{53519619-1A76-4533-A55A-65EDF8F05D54} = {8F14D767-4A3B-41B6-BD7B-1FA1DA7A74B6}
		{D2A7E38E-0DE4-40B5-93F5-6D1D666B28FE} = {8F14D767-4A3B-41B6-BD7B-1FA1DA7A74B6}
		{7CBE8190-517A-4045-B3BE-ADFB4E091950} = {8F14D767-4A3B-41B6-BD7B-1FA1DA7A74B6}
		{55131BDB-5319-4B82-A73B-92F53AC82FCB} = {8F14D767-4A3B-41B6-BD7B-1FA1DA7A74B6}
		{BC60302E-3709-4B13-8C10-2E1FAB7AF5E9} = {27991E41-E818-4233-80FB-17F006959D56}
		{27991E41-E818-4233-80FB-17F006959D56} = {8F14D767-4A3B-41B6-BD7B-1FA1DA7A74B6}
		{DE17634C-7BFA-42DB-AC8A-0BC34E79F04E} = {8F14D767-4A3B-41B6-BD7B-1FA1DA7A74B6}
	EndGlobalSection
	GlobalSection(ExtensibilityGlobals) = postSolution
		SolutionGuid = {D5F72CEE-9CD0-4C0D-BB57-FEF0FA715A36}
	EndGlobalSection
EndGlobal
